{
  "name": "test",
  "version": "1.0.0",
  "lockfileVersion": 2,
  "requires": true,
  "packages": {
    "": {
      "version": "1.0.0",
      "license": "ISC",
      "dependencies": {
        "ez-hash": "file:.."
      }
    },
    "..": {
      "name": "ezhash",
      "version": "1.0.0",
      "license": "MIT",
      "dependencies": {
        "argon2-browser": "^1.18.0",
        "scrypt-js": "^3.0.1"
      },
      "devDependencies": {
        "@rollup/plugin-commonjs": "^21.0.1",
        "@rollup/plugin-node-resolve": "^13.0.6",
        "@rollup/plugin-wasm": "^5.1.2",
        "clean-dir": "^1.0.3",
        "eslint": "^8.0.1",
        "rollup": "^2.58.0",
        "rollup-plugin-polyfill-node": "^0.7.0",
        "rollup-plugin-rename": "^1.0.1",
        "rollup-plugin-terser": "^7.0.2"
      }
    },
    "node_modules/ez-hash": {
      "resolved": "..",
      "link": true
    }
  },
  "dependencies": {
    "ez-hash": {
      "version": "file:..",
      "requires": {
        "@rollup/plugin-commonjs": "^21.0.1",
        "@rollup/plugin-node-resolve": "^13.0.6",
        "@rollup/plugin-wasm": "^5.1.2",
        "argon2-browser": "^1.18.0",
        "clean-dir": "^1.0.3",
        "eslint": "^8.0.1",
        "rollup": "^2.58.0",
        "rollup-plugin-polyfill-node": "^0.7.0",
        "rollup-plugin-rename": "^1.0.1",
        "rollup-plugin-terser": "^7.0.2",
        "scrypt-js": "^3.0.1"
      }
    }
  }
}
